
Microsoft Visual Studio Solution File, Format Version 11.00
# Visual Studio 2010
Project("{FAE04EC0-301F-11D3-BF4B-00C04F79EFBC}") = "Assembly-CSharp", "Assembly-CSharp.csproj", "{a058fdef-711c-78ca-3bae-22c7b007ea7b}"
EndProject
Project("{FAE04EC0-301F-11D3-BF4B-00C04F79EFBC}") = "Assembly-CSharp-firstpass", "Assembly-CSharp-firstpass.csproj", "{d1f9e1f7-095d-3289-d8fa-220a00617c24}"
EndProject
Project("{FAE04EC0-301F-11D3-BF4B-00C04F79EFBC}") = "ShapesRuntime", "ShapesRuntime.csproj", "{b959476b-bd63-35e0-6875-d21e11dcf22b}"
EndProject
Project("{FAE04EC0-301F-11D3-BF4B-00C04F79EFBC}") = "LeTai.TranslucentImage", "LeTai.TranslucentImage.csproj", "{41e027ee-dde4-a340-b95f-bc028c92715b}"
EndProject
Project("{FAE04EC0-301F-11D3-BF4B-00C04F79EFBC}") = "MPUIKit", "MPUIKit.csproj", "{6d6ebff6-93e9-c2cd-c060-bb871849b2be}"
EndProject
Project("{FAE04EC0-301F-11D3-BF4B-00C04F79EFBC}") = "LeTai.TranslucentImage.UniversalRP", "LeTai.TranslucentImage.UniversalRP.csproj", "{ddd25b2a-defb-43e8-33a2-aa15f73106cd}"
EndProject
Project("{FAE04EC0-301F-11D3-BF4B-00C04F79EFBC}") = "Sirenix.OdinInspector.CompatibilityLayer", "Sirenix.OdinInspector.CompatibilityLayer.csproj", "{ca060b67-3b07-c6b5-2cc5-dffd91503644}"
EndProject
Project("{FAE04EC0-301F-11D3-BF4B-00C04F79EFBC}") = "ShapesSamples", "ShapesSamples.csproj", "{cc66816d-878f-d314-60ee-ab22492b884d}"
EndProject
Project("{FAE04EC0-301F-11D3-BF4B-00C04F79EFBC}") = "ShapesEditor", "ShapesEditor.csproj", "{83b1b6d5-aa72-df51-6b8e-6b6be8ff3ea2}"
EndProject
Project("{FAE04EC0-301F-11D3-BF4B-00C04F79EFBC}") = "Sirenix.OdinInspector.CompatibilityLayer.Editor", "Sirenix.OdinInspector.CompatibilityLayer.Editor.csproj", "{62370954-6062-6c73-e698-8a7a60ebffa2}"
EndProject
Project("{FAE04EC0-301F-11D3-BF4B-00C04F79EFBC}") = "Assembly-CSharp-Editor-firstpass", "Assembly-CSharp-Editor-firstpass.csproj", "{7648612d-4189-672f-f05b-efe913b5ba0d}"
EndProject
Project("{FAE04EC0-301F-11D3-BF4B-00C04F79EFBC}") = "LeTai.TranslucentImage.Editor", "LeTai.TranslucentImage.Editor.csproj", "{91356981-5371-b8ed-9061-7afa6754a920}"
EndProject
Project("{FAE04EC0-301F-11D3-BF4B-00C04F79EFBC}") = "MPUIKit.Editor", "MPUIKit.Editor.csproj", "{079bdb49-b61d-0cc6-44f1-648e18e35587}"
EndProject
Project("{FAE04EC0-301F-11D3-BF4B-00C04F79EFBC}") = "Sirenix.OdinInspector.Modules.UnityMathematics", "Sirenix.OdinInspector.Modules.UnityMathematics.csproj", "{0daee573-1afa-b1a7-4aa5-d8cae8a958f5}"
EndProject
Global
	GlobalSection(SolutionConfigurationPlatforms) = preSolution
		Debug|Any CPU = Debug|Any CPU
		Release|Any CPU = Release|Any CPU
	EndGlobalSection
	GlobalSection(ProjectConfigurationPlatforms) = postSolution
		{a058fdef-711c-78ca-3bae-22c7b007ea7b}.Debug|Any CPU.ActiveCfg = Debug|Any CPU
		{a058fdef-711c-78ca-3bae-22c7b007ea7b}.Debug|Any CPU.Build.0 = Debug|Any CPU
		{a058fdef-711c-78ca-3bae-22c7b007ea7b}.Release|Any CPU.ActiveCfg = Release|Any CPU
		{a058fdef-711c-78ca-3bae-22c7b007ea7b}.Release|Any CPU.Build.0 = Release|Any CPU
		{d1f9e1f7-095d-3289-d8fa-220a00617c24}.Debug|Any CPU.ActiveCfg = Debug|Any CPU
		{d1f9e1f7-095d-3289-d8fa-220a00617c24}.Debug|Any CPU.Build.0 = Debug|Any CPU
		{d1f9e1f7-095d-3289-d8fa-220a00617c24}.Release|Any CPU.ActiveCfg = Release|Any CPU
		{d1f9e1f7-095d-3289-d8fa-220a00617c24}.Release|Any CPU.Build.0 = Release|Any CPU
		{b959476b-bd63-35e0-6875-d21e11dcf22b}.Debug|Any CPU.ActiveCfg = Debug|Any CPU
		{b959476b-bd63-35e0-6875-d21e11dcf22b}.Debug|Any CPU.Build.0 = Debug|Any CPU
		{b959476b-bd63-35e0-6875-d21e11dcf22b}.Release|Any CPU.ActiveCfg = Release|Any CPU
		{b959476b-bd63-35e0-6875-d21e11dcf22b}.Release|Any CPU.Build.0 = Release|Any CPU
		{41e027ee-dde4-a340-b95f-bc028c92715b}.Debug|Any CPU.ActiveCfg = Debug|Any CPU
		{41e027ee-dde4-a340-b95f-bc028c92715b}.Debug|Any CPU.Build.0 = Debug|Any CPU
		{41e027ee-dde4-a340-b95f-bc028c92715b}.Release|Any CPU.ActiveCfg = Release|Any CPU
		{41e027ee-dde4-a340-b95f-bc028c92715b}.Release|Any CPU.Build.0 = Release|Any CPU
		{6d6ebff6-93e9-c2cd-c060-bb871849b2be}.Debug|Any CPU.ActiveCfg = Debug|Any CPU
		{6d6ebff6-93e9-c2cd-c060-bb871849b2be}.Debug|Any CPU.Build.0 = Debug|Any CPU
		{6d6ebff6-93e9-c2cd-c060-bb871849b2be}.Release|Any CPU.ActiveCfg = Release|Any CPU
		{6d6ebff6-93e9-c2cd-c060-bb871849b2be}.Release|Any CPU.Build.0 = Release|Any CPU
		{ddd25b2a-defb-43e8-33a2-aa15f73106cd}.Debug|Any CPU.ActiveCfg = Debug|Any CPU
		{ddd25b2a-defb-43e8-33a2-aa15f73106cd}.Debug|Any CPU.Build.0 = Debug|Any CPU
		{ddd25b2a-defb-43e8-33a2-aa15f73106cd}.Release|Any CPU.ActiveCfg = Release|Any CPU
		{ddd25b2a-defb-43e8-33a2-aa15f73106cd}.Release|Any CPU.Build.0 = Release|Any CPU
		{ca060b67-3b07-c6b5-2cc5-dffd91503644}.Debug|Any CPU.ActiveCfg = Debug|Any CPU
		{ca060b67-3b07-c6b5-2cc5-dffd91503644}.Debug|Any CPU.Build.0 = Debug|Any CPU
		{ca060b67-3b07-c6b5-2cc5-dffd91503644}.Release|Any CPU.ActiveCfg = Release|Any CPU
		{ca060b67-3b07-c6b5-2cc5-dffd91503644}.Release|Any CPU.Build.0 = Release|Any CPU
		{cc66816d-878f-d314-60ee-ab22492b884d}.Debug|Any CPU.ActiveCfg = Debug|Any CPU
		{cc66816d-878f-d314-60ee-ab22492b884d}.Debug|Any CPU.Build.0 = Debug|Any CPU
		{cc66816d-878f-d314-60ee-ab22492b884d}.Release|Any CPU.ActiveCfg = Release|Any CPU
		{cc66816d-878f-d314-60ee-ab22492b884d}.Release|Any CPU.Build.0 = Release|Any CPU
		{83b1b6d5-aa72-df51-6b8e-6b6be8ff3ea2}.Debug|Any CPU.ActiveCfg = Debug|Any CPU
		{83b1b6d5-aa72-df51-6b8e-6b6be8ff3ea2}.Debug|Any CPU.Build.0 = Debug|Any CPU
		{83b1b6d5-aa72-df51-6b8e-6b6be8ff3ea2}.Release|Any CPU.ActiveCfg = Release|Any CPU
		{83b1b6d5-aa72-df51-6b8e-6b6be8ff3ea2}.Release|Any CPU.Build.0 = Release|Any CPU
		{62370954-6062-6c73-e698-8a7a60ebffa2}.Debug|Any CPU.ActiveCfg = Debug|Any CPU
		{62370954-6062-6c73-e698-8a7a60ebffa2}.Debug|Any CPU.Build.0 = Debug|Any CPU
		{62370954-6062-6c73-e698-8a7a60ebffa2}.Release|Any CPU.ActiveCfg = Release|Any CPU
		{62370954-6062-6c73-e698-8a7a60ebffa2}.Release|Any CPU.Build.0 = Release|Any CPU
		{7648612d-4189-672f-f05b-efe913b5ba0d}.Debug|Any CPU.ActiveCfg = Debug|Any CPU
		{7648612d-4189-672f-f05b-efe913b5ba0d}.Debug|Any CPU.Build.0 = Debug|Any CPU
		{7648612d-4189-672f-f05b-efe913b5ba0d}.Release|Any CPU.ActiveCfg = Release|Any CPU
		{7648612d-4189-672f-f05b-efe913b5ba0d}.Release|Any CPU.Build.0 = Release|Any CPU
		{91356981-5371-b8ed-9061-7afa6754a920}.Debug|Any CPU.ActiveCfg = Debug|Any CPU
		{91356981-5371-b8ed-9061-7afa6754a920}.Debug|Any CPU.Build.0 = Debug|Any CPU
		{91356981-5371-b8ed-9061-7afa6754a920}.Release|Any CPU.ActiveCfg = Release|Any CPU
		{91356981-5371-b8ed-9061-7afa6754a920}.Release|Any CPU.Build.0 = Release|Any CPU
		{079bdb49-b61d-0cc6-44f1-648e18e35587}.Debug|Any CPU.ActiveCfg = Debug|Any CPU
		{079bdb49-b61d-0cc6-44f1-648e18e35587}.Debug|Any CPU.Build.0 = Debug|Any CPU
		{079bdb49-b61d-0cc6-44f1-648e18e35587}.Release|Any CPU.ActiveCfg = Release|Any CPU
		{079bdb49-b61d-0cc6-44f1-648e18e35587}.Release|Any CPU.Build.0 = Release|Any CPU
		{0daee573-1afa-b1a7-4aa5-d8cae8a958f5}.Debug|Any CPU.ActiveCfg = Debug|Any CPU
		{0daee573-1afa-b1a7-4aa5-d8cae8a958f5}.Debug|Any CPU.Build.0 = Debug|Any CPU
		{0daee573-1afa-b1a7-4aa5-d8cae8a958f5}.Release|Any CPU.ActiveCfg = Release|Any CPU
		{0daee573-1afa-b1a7-4aa5-d8cae8a958f5}.Release|Any CPU.Build.0 = Release|Any CPU
	EndGlobalSection
	GlobalSection(SolutionProperties) = preSolution
		HideSolutionNode = FALSE
	EndGlobalSection
EndGlobal
